
Microsoft Visual Studio Solution File, Format Version 12.00
# Visual Studio Version 16
VisualStudioVersion = 16.0.30114.105
MinimumVisualStudioVersion = 10.0.40219.1
Project("{2150E333-8FDC-42A3-9474-1A3956D46DE8}") = "src", "src", "{F27BE156-1946-4D90-A204-B207BBD69119}"
EndProject
Project("{2150E333-8FDC-42A3-9474-1A3956D46DE8}") = "tests", "tests", "{D01DFB45-3E5B-4CBE-A479-6152CCBBBED6}"
EndProject
Project("{FAE04EC0-301F-11D3-BF4B-00C04F79EFBC}") = "DotNetUrlDeserializer.Implementation", "src\DotNetUrlDeserializer.Implementation\DotNetUrlDeserializer.Implementation.csproj", "{C3495167-B9FB-48F1-961A-5349F7DDCE0E}"
EndProject
Project("{2150E333-8FDC-42A3-9474-1A3956D46DE8}") = "unit", "unit", "{B3CBE0AC-20DD-4C47-AFB5-8562B98D9888}"
EndProject
Project("{2150E333-8FDC-42A3-9474-1A3956D46DE8}") = "benchmark", "benchmark", "{1F80418F-85B6-449C-BFBC-57B2E71BA17D}"
EndProject
Project("{FAE04EC0-301F-11D3-BF4B-00C04F79EFBC}") = "DotNetUrlDeserializer.Benchmark", "tests\benchmarks\DotNetUrlDeserializer.Benchmark\DotNetUrlDeserializer.Benchmark.csproj", "{50536067-2EE1-442E-9A85-B19CDAB935D5}"
EndProject
Project("{FAE04EC0-301F-11D3-BF4B-00C04F79EFBC}") = "DotNetUrlDeserializer.Unit", "tests\unit\DotNetUrlDeserializer.Unit\DotNetUrlDeserializer.Unit.csproj", "{75708F00-EF95-4918-8DAD-083D109CB6C1}"
EndProject
Global
	GlobalSection(SolutionConfigurationPlatforms) = preSolution
		Debug|Any CPU = Debug|Any CPU
		Release|Any CPU = Release|Any CPU
	EndGlobalSection
	GlobalSection(SolutionProperties) = preSolution
		HideSolutionNode = FALSE
	EndGlobalSection
	GlobalSection(NestedProjects) = preSolution
		{C3495167-B9FB-48F1-961A-5349F7DDCE0E} = {F27BE156-1946-4D90-A204-B207BBD69119}
		{B3CBE0AC-20DD-4C47-AFB5-8562B98D9888} = {D01DFB45-3E5B-4CBE-A479-6152CCBBBED6}
		{1F80418F-85B6-449C-BFBC-57B2E71BA17D} = {D01DFB45-3E5B-4CBE-A479-6152CCBBBED6}
		{50536067-2EE1-442E-9A85-B19CDAB935D5} = {1F80418F-85B6-449C-BFBC-57B2E71BA17D}
		{75708F00-EF95-4918-8DAD-083D109CB6C1} = {B3CBE0AC-20DD-4C47-AFB5-8562B98D9888}
	EndGlobalSection
	GlobalSection(ProjectConfigurationPlatforms) = postSolution
		{C3495167-B9FB-48F1-961A-5349F7DDCE0E}.Debug|Any CPU.ActiveCfg = Debug|Any CPU
		{C3495167-B9FB-48F1-961A-5349F7DDCE0E}.Debug|Any CPU.Build.0 = Debug|Any CPU
		{C3495167-B9FB-48F1-961A-5349F7DDCE0E}.Release|Any CPU.ActiveCfg = Release|Any CPU
		{C3495167-B9FB-48F1-961A-5349F7DDCE0E}.Release|Any CPU.Build.0 = Release|Any CPU
		{50536067-2EE1-442E-9A85-B19CDAB935D5}.Debug|Any CPU.ActiveCfg = Debug|Any CPU
		{50536067-2EE1-442E-9A85-B19CDAB935D5}.Debug|Any CPU.Build.0 = Debug|Any CPU
		{50536067-2EE1-442E-9A85-B19CDAB935D5}.Release|Any CPU.ActiveCfg = Release|Any CPU
		{50536067-2EE1-442E-9A85-B19CDAB935D5}.Release|Any CPU.Build.0 = Release|Any CPU
		{75708F00-EF95-4918-8DAD-083D109CB6C1}.Debug|Any CPU.ActiveCfg = Debug|Any CPU
		{75708F00-EF95-4918-8DAD-083D109CB6C1}.Debug|Any CPU.Build.0 = Debug|Any CPU
		{75708F00-EF95-4918-8DAD-083D109CB6C1}.Release|Any CPU.ActiveCfg = Release|Any CPU
		{75708F00-EF95-4918-8DAD-083D109CB6C1}.Release|Any CPU.Build.0 = Release|Any CPU
	EndGlobalSection
EndGlobal
